
Microsoft Visual Studio Solution File, Format Version 12.00
# Visual Studio Version 16
VisualStudioVersion = 16.0.29519.87
MinimumVisualStudioVersion = 10.0.40219.1
Project("{9A19103F-16F7-4668-BE54-9A1E7A4F7556}") = "VirtualParadise", "VirtualParadise\VirtualParadise.csproj", "{032EA076-8B12-4913-BA05-D4AC9ED287BC}"
EndProject
Project("{9A19103F-16F7-4668-BE54-9A1E7A4F7556}") = "X10D", "X10D\X10D\X10D.csproj", "{12951585-34DF-48D2-A5B8-518783E106F2}"
EndProject
Global
	GlobalSection(SolutionConfigurationPlatforms) = preSolution
		Debug|Any CPU = Debug|Any CPU
		Release|Any CPU = Release|Any CPU
	EndGlobalSection
	GlobalSection(ProjectConfigurationPlatforms) = postSolution
		{032EA076-8B12-4913-BA05-D4AC9ED287BC}.Debug|Any CPU.ActiveCfg = Debug|Any CPU
		{032EA076-8B12-4913-BA05-D4AC9ED287BC}.Debug|Any CPU.Build.0 = Debug|Any CPU
		{032EA076-8B12-4913-BA05-D4AC9ED287BC}.Release|Any CPU.ActiveCfg = Release|Any CPU
		{032EA076-8B12-4913-BA05-D4AC9ED287BC}.Release|Any CPU.Build.0 = Release|Any CPU
		{12951585-34DF-48D2-A5B8-518783E106F2}.Debug|Any CPU.ActiveCfg = Debug|Any CPU
		{12951585-34DF-48D2-A5B8-518783E106F2}.Debug|Any CPU.Build.0 = Debug|Any CPU
		{12951585-34DF-48D2-A5B8-518783E106F2}.Release|Any CPU.ActiveCfg = Release|Any CPU
		{12951585-34DF-48D2-A5B8-518783E106F2}.Release|Any CPU.Build.0 = Release|Any CPU
	EndGlobalSection
	GlobalSection(SolutionProperties) = preSolution
		HideSolutionNode = FALSE
	EndGlobalSection
	GlobalSection(ExtensibilityGlobals) = postSolution
		SolutionGuid = {16E6AF2A-C070-4509-87CE-D37F8BBA3A7F}
	EndGlobalSection
EndGlobal
